
Microsoft Visual Studio Solution File, Format Version 12.00
# Visual Studio 15
VisualStudioVersion = 15.0.27703.2000
MinimumVisualStudioVersion = 10.0.40219.1
Project("{FAE04EC0-301F-11D3-BF4B-00C04F79EFBC}") = "CeasarCipher", "CeasarCipher\CeasarCipher.csproj", "{84F860B5-E2DD-4C76-AF45-E55A3B0EB556}"
EndProject
Global
	GlobalSection(SolutionConfigurationPlatforms) = preSolution
		Debug|Any CPU = Debug|Any CPU
		Release|Any CPU = Release|Any CPU
	EndGlobalSection
	GlobalSection(ProjectConfigurationPlatforms) = postSolution
		{84F860B5-E2DD-4C76-AF45-E55A3B0EB556}.Debug|Any CPU.ActiveCfg = Debug|Any CPU
		{84F860B5-E2DD-4C76-AF45-E55A3B0EB556}.Debug|Any CPU.Build.0 = Debug|Any CPU
		{84F860B5-E2DD-4C76-AF45-E55A3B0EB556}.Release|Any CPU.ActiveCfg = Release|Any CPU
		{84F860B5-E2DD-4C76-AF45-E55A3B0EB556}.Release|Any CPU.Build.0 = Release|Any CPU
	EndGlobalSection
	GlobalSection(SolutionProperties) = preSolution
		HideSolutionNode = FALSE
	EndGlobalSection
	GlobalSection(ExtensibilityGlobals) = postSolution
		SolutionGuid = {D65519E5-03F1-40F2-BDC9-DA3844C9BC0A}
	EndGlobalSection
EndGlobal
